
Microsoft Visual Studio Solution File, Format Version 12.00
# Visual Studio 15
VisualStudioVersion = 15.0.28307.329
MinimumVisualStudioVersion = 10.0.40219.1
Project("{FAE04EC0-301F-11D3-BF4B-00C04F79EFBC}") = "HSGomoku.Engine", "HSGomoku.Engine\HSGomoku.Engine.csproj", "{69207C5F-C85B-429F-9A59-3DA90E2AB849}"
EndProject
Project("{FAE04EC0-301F-11D3-BF4B-00C04F79EFBC}") = "SpriteFontX", "SpriteFontX\SpriteFontX.csproj", "{537056C5-0155-4EA6-836E-D428F656DEBE}"
EndProject
Project("{FAE04EC0-301F-11D3-BF4B-00C04F79EFBC}") = "HSGomoku", "HSGomoku\HSGomoku.csproj", "{102FE1EE-D59F-4FB7-9ADB-4AE7CBF81913}"
EndProject
Project("{9A19103F-16F7-4668-BE54-9A1E7A4F7556}") = "HSGomoku.Server", "HSGomoku.Server\HSGomoku.Server.csproj", "{AF71418B-2846-4D42-B585-8986B16F8276}"
EndProject
Project("{9A19103F-16F7-4668-BE54-9A1E7A4F7556}") = "HSGomoku.Client", "HSGomoku.Client\HSGomoku.Client.csproj", "{6F00651F-0CF0-4639-97B4-2566C5100756}"
EndProject
Project("{9A19103F-16F7-4668-BE54-9A1E7A4F7556}") = "HSGomoku.Network", "HSGomoku.Network\HSGomoku.Network.csproj", "{8244D654-4819-4E0E-8E2C-A0575E73BE0E}"
EndProject
Global
	GlobalSection(SolutionConfigurationPlatforms) = preSolution
		Debug|Any CPU = Debug|Any CPU
		Debug|x64 = Debug|x64
		Release|Any CPU = Release|Any CPU
		Release|x64 = Release|x64
	EndGlobalSection
	GlobalSection(ProjectConfigurationPlatforms) = postSolution
		{69207C5F-C85B-429F-9A59-3DA90E2AB849}.Debug|Any CPU.ActiveCfg = Debug|Any CPU
		{69207C5F-C85B-429F-9A59-3DA90E2AB849}.Debug|Any CPU.Build.0 = Debug|Any CPU
		{69207C5F-C85B-429F-9A59-3DA90E2AB849}.Debug|x64.ActiveCfg = Debug|x64
		{69207C5F-C85B-429F-9A59-3DA90E2AB849}.Debug|x64.Build.0 = Debug|x64
		{69207C5F-C85B-429F-9A59-3DA90E2AB849}.Release|Any CPU.ActiveCfg = Release|Any CPU
		{69207C5F-C85B-429F-9A59-3DA90E2AB849}.Release|Any CPU.Build.0 = Release|Any CPU
		{69207C5F-C85B-429F-9A59-3DA90E2AB849}.Release|x64.ActiveCfg = Release|x64
		{69207C5F-C85B-429F-9A59-3DA90E2AB849}.Release|x64.Build.0 = Release|x64
		{537056C5-0155-4EA6-836E-D428F656DEBE}.Debug|Any CPU.ActiveCfg = Debug|Any CPU
		{537056C5-0155-4EA6-836E-D428F656DEBE}.Debug|Any CPU.Build.0 = Debug|Any CPU
		{537056C5-0155-4EA6-836E-D428F656DEBE}.Debug|x64.ActiveCfg = Debug|x64
		{537056C5-0155-4EA6-836E-D428F656DEBE}.Debug|x64.Build.0 = Debug|x64
		{537056C5-0155-4EA6-836E-D428F656DEBE}.Release|Any CPU.ActiveCfg = Release|Any CPU
		{537056C5-0155-4EA6-836E-D428F656DEBE}.Release|Any CPU.Build.0 = Release|Any CPU
		{537056C5-0155-4EA6-836E-D428F656DEBE}.Release|x64.ActiveCfg = Release|x64
		{537056C5-0155-4EA6-836E-D428F656DEBE}.Release|x64.Build.0 = Release|x64
		{102FE1EE-D59F-4FB7-9ADB-4AE7CBF81913}.Debug|Any CPU.ActiveCfg = Debug|Any CPU
		{102FE1EE-D59F-4FB7-9ADB-4AE7CBF81913}.Debug|Any CPU.Build.0 = Debug|Any CPU
		{102FE1EE-D59F-4FB7-9ADB-4AE7CBF81913}.Debug|x64.ActiveCfg = Debug|x64
		{102FE1EE-D59F-4FB7-9ADB-4AE7CBF81913}.Debug|x64.Build.0 = Debug|x64
		{102FE1EE-D59F-4FB7-9ADB-4AE7CBF81913}.Release|Any CPU.ActiveCfg = Release|Any CPU
		{102FE1EE-D59F-4FB7-9ADB-4AE7CBF81913}.Release|Any CPU.Build.0 = Release|Any CPU
		{102FE1EE-D59F-4FB7-9ADB-4AE7CBF81913}.Release|x64.ActiveCfg = Release|x64
		{102FE1EE-D59F-4FB7-9ADB-4AE7CBF81913}.Release|x64.Build.0 = Release|x64
		{AF71418B-2846-4D42-B585-8986B16F8276}.Debug|Any CPU.ActiveCfg = Debug|Any CPU
		{AF71418B-2846-4D42-B585-8986B16F8276}.Debug|Any CPU.Build.0 = Debug|Any CPU
		{AF71418B-2846-4D42-B585-8986B16F8276}.Debug|x64.ActiveCfg = Debug|x64
		{AF71418B-2846-4D42-B585-8986B16F8276}.Debug|x64.Build.0 = Debug|x64
		{AF71418B-2846-4D42-B585-8986B16F8276}.Release|Any CPU.ActiveCfg = Release|Any CPU
		{AF71418B-2846-4D42-B585-8986B16F8276}.Release|Any CPU.Build.0 = Release|Any CPU
		{AF71418B-2846-4D42-B585-8986B16F8276}.Release|x64.ActiveCfg = Release|x64
		{AF71418B-2846-4D42-B585-8986B16F8276}.Release|x64.Build.0 = Release|x64
		{6F00651F-0CF0-4639-97B4-2566C5100756}.Debug|Any CPU.ActiveCfg = Debug|Any CPU
		{6F00651F-0CF0-4639-97B4-2566C5100756}.Debug|Any CPU.Build.0 = Debug|Any CPU
		{6F00651F-0CF0-4639-97B4-2566C5100756}.Debug|x64.ActiveCfg = Debug|x64
		{6F00651F-0CF0-4639-97B4-2566C5100756}.Debug|x64.Build.0 = Debug|x64
		{6F00651F-0CF0-4639-97B4-2566C5100756}.Release|Any CPU.ActiveCfg = Release|Any CPU
		{6F00651F-0CF0-4639-97B4-2566C5100756}.Release|Any CPU.Build.0 = Release|Any CPU
		{6F00651F-0CF0-4639-97B4-2566C5100756}.Release|x64.ActiveCfg = Release|x64
		{6F00651F-0CF0-4639-97B4-2566C5100756}.Release|x64.Build.0 = Release|x64
		{8244D654-4819-4E0E-8E2C-A0575E73BE0E}.Debug|Any CPU.ActiveCfg = Debug|Any CPU
		{8244D654-4819-4E0E-8E2C-A0575E73BE0E}.Debug|Any CPU.Build.0 = Debug|Any CPU
		{8244D654-4819-4E0E-8E2C-A0575E73BE0E}.Debug|x64.ActiveCfg = Debug|x64
		{8244D654-4819-4E0E-8E2C-A0575E73BE0E}.Debug|x64.Build.0 = Debug|x64
		{8244D654-4819-4E0E-8E2C-A0575E73BE0E}.Release|Any CPU.ActiveCfg = Release|Any CPU
		{8244D654-4819-4E0E-8E2C-A0575E73BE0E}.Release|Any CPU.Build.0 = Release|Any CPU
		{8244D654-4819-4E0E-8E2C-A0575E73BE0E}.Release|x64.ActiveCfg = Release|x64
		{8244D654-4819-4E0E-8E2C-A0575E73BE0E}.Release|x64.Build.0 = Release|x64
	EndGlobalSection
	GlobalSection(SolutionProperties) = preSolution
		HideSolutionNode = FALSE
	EndGlobalSection
	GlobalSection(ExtensibilityGlobals) = postSolution
		SolutionGuid = {9BD1762C-F8AA-41B6-859B-125CAE95FA8A}
	EndGlobalSection
EndGlobal
