
Microsoft Visual Studio Solution File, Format Version 12.00
# Visual Studio 15
VisualStudioVersion = 15.0.28307.329
MinimumVisualStudioVersion = 10.0.40219.1
Project("{FAE04EC0-301F-11D3-BF4B-00C04F79EFBC}") = "HSGomoku.Engine", "HSGomoku.Engine\HSGomoku.Engine.csproj", "{69207C5F-C85B-429F-9A59-3DA90E2AB849}"
EndProject
Project("{FAE04EC0-301F-11D3-BF4B-00C04F79EFBC}") = "SpriteFontX", "SpriteFontX\SpriteFontX.csproj", "{537056C5-0155-4EA6-836E-D428F656DEBE}"
EndProject
Project("{FAE04EC0-301F-11D3-BF4B-00C04F79EFBC}") = "HSGomoku", "HSGomoku\HSGomoku.csproj", "{102FE1EE-D59F-4FB7-9ADB-4AE7CBF81913}"
EndProject
Project("{9A19103F-16F7-4668-BE54-9A1E7A4F7556}") = "HSGomoku.Network", "HSGomoku.Network\HSGomoku.Network.csproj", "{BAB7D273-A64C-4C00-86BD-C3BDB70C3E5C}"
EndProject
Project("{9A19103F-16F7-4668-BE54-9A1E7A4F7556}") = "HSGomoku.Server", "HSGomoku.Server\HSGomoku.Server.csproj", "{AF71418B-2846-4D42-B585-8986B16F8276}"
EndProject
Project("{9A19103F-16F7-4668-BE54-9A1E7A4F7556}") = "HSGomoku.Client", "HSGomoku.Client\HSGomoku.Client.csproj", "{6F00651F-0CF0-4639-97B4-2566C5100756}"
EndProject
Global
	GlobalSection(SolutionConfigurationPlatforms) = preSolution
		Debug|Any CPU = Debug|Any CPU
		Debug|x64 = Debug|x64
		Debug|x86 = Debug|x86
		Release|Any CPU = Release|Any CPU
		Release|x64 = Release|x64
		Release|x86 = Release|x86
	EndGlobalSection
	GlobalSection(ProjectConfigurationPlatforms) = postSolution
		{69207C5F-C85B-429F-9A59-3DA90E2AB849}.Debug|Any CPU.ActiveCfg = Debug|Any CPU
		{69207C5F-C85B-429F-9A59-3DA90E2AB849}.Debug|Any CPU.Build.0 = Debug|Any CPU
		{69207C5F-C85B-429F-9A59-3DA90E2AB849}.Debug|x64.ActiveCfg = Debug|x64
		{69207C5F-C85B-429F-9A59-3DA90E2AB849}.Debug|x64.Build.0 = Debug|x64
		{69207C5F-C85B-429F-9A59-3DA90E2AB849}.Debug|x86.ActiveCfg = Debug|x64
		{69207C5F-C85B-429F-9A59-3DA90E2AB849}.Debug|x86.Build.0 = Debug|x64
		{69207C5F-C85B-429F-9A59-3DA90E2AB849}.Release|Any CPU.ActiveCfg = Release|Any CPU
		{69207C5F-C85B-429F-9A59-3DA90E2AB849}.Release|Any CPU.Build.0 = Release|Any CPU
		{69207C5F-C85B-429F-9A59-3DA90E2AB849}.Release|x64.ActiveCfg = Release|x64
		{69207C5F-C85B-429F-9A59-3DA90E2AB849}.Release|x64.Build.0 = Release|x64
		{69207C5F-C85B-429F-9A59-3DA90E2AB849}.Release|x86.ActiveCfg = Release|x86
		{69207C5F-C85B-429F-9A59-3DA90E2AB849}.Release|x86.Build.0 = Release|x86
		{537056C5-0155-4EA6-836E-D428F656DEBE}.Debug|Any CPU.ActiveCfg = Debug|Any CPU
		{537056C5-0155-4EA6-836E-D428F656DEBE}.Debug|Any CPU.Build.0 = Debug|Any CPU
		{537056C5-0155-4EA6-836E-D428F656DEBE}.Debug|x64.ActiveCfg = Debug|x64
		{537056C5-0155-4EA6-836E-D428F656DEBE}.Debug|x64.Build.0 = Debug|x64
		{537056C5-0155-4EA6-836E-D428F656DEBE}.Debug|x86.ActiveCfg = Debug|x64
		{537056C5-0155-4EA6-836E-D428F656DEBE}.Debug|x86.Build.0 = Debug|x64
		{537056C5-0155-4EA6-836E-D428F656DEBE}.Release|Any CPU.ActiveCfg = Release|Any CPU
		{537056C5-0155-4EA6-836E-D428F656DEBE}.Release|Any CPU.Build.0 = Release|Any CPU
		{537056C5-0155-4EA6-836E-D428F656DEBE}.Release|x64.ActiveCfg = Release|x64
		{537056C5-0155-4EA6-836E-D428F656DEBE}.Release|x64.Build.0 = Release|x64
		{537056C5-0155-4EA6-836E-D428F656DEBE}.Release|x86.ActiveCfg = Release|x86
		{537056C5-0155-4EA6-836E-D428F656DEBE}.Release|x86.Build.0 = Release|x86
		{102FE1EE-D59F-4FB7-9ADB-4AE7CBF81913}.Debug|Any CPU.ActiveCfg = Debug|Any CPU
		{102FE1EE-D59F-4FB7-9ADB-4AE7CBF81913}.Debug|Any CPU.Build.0 = Debug|Any CPU
		{102FE1EE-D59F-4FB7-9ADB-4AE7CBF81913}.Debug|x64.ActiveCfg = Debug|x64
		{102FE1EE-D59F-4FB7-9ADB-4AE7CBF81913}.Debug|x64.Build.0 = Debug|x64
		{102FE1EE-D59F-4FB7-9ADB-4AE7CBF81913}.Debug|x86.ActiveCfg = Debug|x64
		{102FE1EE-D59F-4FB7-9ADB-4AE7CBF81913}.Debug|x86.Build.0 = Debug|x64
		{102FE1EE-D59F-4FB7-9ADB-4AE7CBF81913}.Release|Any CPU.ActiveCfg = Release|Any CPU
		{102FE1EE-D59F-4FB7-9ADB-4AE7CBF81913}.Release|Any CPU.Build.0 = Release|Any CPU
		{102FE1EE-D59F-4FB7-9ADB-4AE7CBF81913}.Release|x64.ActiveCfg = Release|x64
		{102FE1EE-D59F-4FB7-9ADB-4AE7CBF81913}.Release|x64.Build.0 = Release|x64
		{102FE1EE-D59F-4FB7-9ADB-4AE7CBF81913}.Release|x86.ActiveCfg = Release|x86
		{102FE1EE-D59F-4FB7-9ADB-4AE7CBF81913}.Release|x86.Build.0 = Release|x86
		{BAB7D273-A64C-4C00-86BD-C3BDB70C3E5C}.Debug|Any CPU.ActiveCfg = Debug|Any CPU
		{BAB7D273-A64C-4C00-86BD-C3BDB70C3E5C}.Debug|Any CPU.Build.0 = Debug|Any CPU
		{BAB7D273-A64C-4C00-86BD-C3BDB70C3E5C}.Debug|x64.ActiveCfg = Debug|Any CPU
		{BAB7D273-A64C-4C00-86BD-C3BDB70C3E5C}.Debug|x64.Build.0 = Debug|Any CPU
		{BAB7D273-A64C-4C00-86BD-C3BDB70C3E5C}.Debug|x86.ActiveCfg = Debug|Any CPU
		{BAB7D273-A64C-4C00-86BD-C3BDB70C3E5C}.Debug|x86.Build.0 = Debug|Any CPU
		{BAB7D273-A64C-4C00-86BD-C3BDB70C3E5C}.Release|Any CPU.ActiveCfg = Release|Any CPU
		{BAB7D273-A64C-4C00-86BD-C3BDB70C3E5C}.Release|Any CPU.Build.0 = Release|Any CPU
		{BAB7D273-A64C-4C00-86BD-C3BDB70C3E5C}.Release|x64.ActiveCfg = Release|Any CPU
		{BAB7D273-A64C-4C00-86BD-C3BDB70C3E5C}.Release|x64.Build.0 = Release|Any CPU
		{BAB7D273-A64C-4C00-86BD-C3BDB70C3E5C}.Release|x86.ActiveCfg = Release|Any CPU
		{BAB7D273-A64C-4C00-86BD-C3BDB70C3E5C}.Release|x86.Build.0 = Release|Any CPU
		{AF71418B-2846-4D42-B585-8986B16F8276}.Debug|Any CPU.ActiveCfg = Debug|Any CPU
		{AF71418B-2846-4D42-B585-8986B16F8276}.Debug|Any CPU.Build.0 = Debug|Any CPU
		{AF71418B-2846-4D42-B585-8986B16F8276}.Debug|x64.ActiveCfg = Debug|Any CPU
		{AF71418B-2846-4D42-B585-8986B16F8276}.Debug|x64.Build.0 = Debug|Any CPU
		{AF71418B-2846-4D42-B585-8986B16F8276}.Debug|x86.ActiveCfg = Debug|Any CPU
		{AF71418B-2846-4D42-B585-8986B16F8276}.Debug|x86.Build.0 = Debug|Any CPU
		{AF71418B-2846-4D42-B585-8986B16F8276}.Release|Any CPU.ActiveCfg = Release|Any CPU
		{AF71418B-2846-4D42-B585-8986B16F8276}.Release|Any CPU.Build.0 = Release|Any CPU
		{AF71418B-2846-4D42-B585-8986B16F8276}.Release|x64.ActiveCfg = Release|Any CPU
		{AF71418B-2846-4D42-B585-8986B16F8276}.Release|x64.Build.0 = Release|Any CPU
		{AF71418B-2846-4D42-B585-8986B16F8276}.Release|x86.ActiveCfg = Release|Any CPU
		{AF71418B-2846-4D42-B585-8986B16F8276}.Release|x86.Build.0 = Release|Any CPU
		{6F00651F-0CF0-4639-97B4-2566C5100756}.Debug|Any CPU.ActiveCfg = Debug|Any CPU
		{6F00651F-0CF0-4639-97B4-2566C5100756}.Debug|Any CPU.Build.0 = Debug|Any CPU
		{6F00651F-0CF0-4639-97B4-2566C5100756}.Debug|x64.ActiveCfg = Debug|Any CPU
		{6F00651F-0CF0-4639-97B4-2566C5100756}.Debug|x64.Build.0 = Debug|Any CPU
		{6F00651F-0CF0-4639-97B4-2566C5100756}.Debug|x86.ActiveCfg = Debug|Any CPU
		{6F00651F-0CF0-4639-97B4-2566C5100756}.Debug|x86.Build.0 = Debug|Any CPU
		{6F00651F-0CF0-4639-97B4-2566C5100756}.Release|Any CPU.ActiveCfg = Release|Any CPU
		{6F00651F-0CF0-4639-97B4-2566C5100756}.Release|Any CPU.Build.0 = Release|Any CPU
		{6F00651F-0CF0-4639-97B4-2566C5100756}.Release|x64.ActiveCfg = Release|Any CPU
		{6F00651F-0CF0-4639-97B4-2566C5100756}.Release|x64.Build.0 = Release|Any CPU
		{6F00651F-0CF0-4639-97B4-2566C5100756}.Release|x86.ActiveCfg = Release|Any CPU
		{6F00651F-0CF0-4639-97B4-2566C5100756}.Release|x86.Build.0 = Release|Any CPU
	EndGlobalSection
	GlobalSection(SolutionProperties) = preSolution
		HideSolutionNode = FALSE
	EndGlobalSection
	GlobalSection(ExtensibilityGlobals) = postSolution
		SolutionGuid = {9BD1762C-F8AA-41B6-859B-125CAE95FA8A}
	EndGlobalSection
EndGlobal
